
Microsoft Visual Studio Solution File, Format Version 12.00
# Visual Studio Version 17
VisualStudioVersion = 17.4.33213.308
MinimumVisualStudioVersion = 10.0.40219.1
Project("{FAE04EC0-301F-11D3-BF4B-00C04F79EFBC}") = "m9studio.HexagonMatrix.Tracer", "m9studio.HexagonMatrix.Tracer.csproj", "{78A67524-649B-41BB-B0EF-3988A2FB62A8}"
EndProject
Global
	GlobalSection(SolutionConfigurationPlatforms) = preSolution
		Debug|Any CPU = Debug|Any CPU
		Release|Any CPU = Release|Any CPU
	EndGlobalSection
	GlobalSection(ProjectConfigurationPlatforms) = postSolution
		{78A67524-649B-41BB-B0EF-3988A2FB62A8}.Debug|Any CPU.ActiveCfg = Debug|Any CPU
		{78A67524-649B-41BB-B0EF-3988A2FB62A8}.Debug|Any CPU.Build.0 = Debug|Any CPU
		{78A67524-649B-41BB-B0EF-3988A2FB62A8}.Release|Any CPU.ActiveCfg = Release|Any CPU
		{78A67524-649B-41BB-B0EF-3988A2FB62A8}.Release|Any CPU.Build.0 = Release|Any CPU
	EndGlobalSection
	GlobalSection(SolutionProperties) = preSolution
		HideSolutionNode = FALSE
	EndGlobalSection
	GlobalSection(ExtensibilityGlobals) = postSolution
		SolutionGuid = {D2D67E03-7755-4E93-A62D-99FD99B6F977}
	EndGlobalSection
EndGlobal
